
Microsoft Visual Studio Solution File, Format Version 12.00
# Visual Studio 14
VisualStudioVersion = 14.0.24720.0
MinimumVisualStudioVersion = 10.0.40219.1
Project("{FAE04EC0-301F-11D3-BF4B-00C04F79EFBC}") = "CocNET", "CocNET\CocNET.csproj", "{5CB1786A-EDC1-4628-A9E7-D06CF80F95CA}"
EndProject
Project("{FAE04EC0-301F-11D3-BF4B-00C04F79EFBC}") = "CocNET.Test", "CocNET.Test\CocNET.Test.csproj", "{9BF84938-B754-45DB-B9C5-3063B09C9DA7}"
EndProject
Global
	GlobalSection(SolutionConfigurationPlatforms) = preSolution
		Debug|Any CPU = Debug|Any CPU
		Release|Any CPU = Release|Any CPU
	EndGlobalSection
	GlobalSection(ProjectConfigurationPlatforms) = postSolution
		{5CB1786A-EDC1-4628-A9E7-D06CF80F95CA}.Debug|Any CPU.ActiveCfg = Debug|Any CPU
		{5CB1786A-EDC1-4628-A9E7-D06CF80F95CA}.Debug|Any CPU.Build.0 = Debug|Any CPU
		{5CB1786A-EDC1-4628-A9E7-D06CF80F95CA}.Release|Any CPU.ActiveCfg = Release|Any CPU
		{5CB1786A-EDC1-4628-A9E7-D06CF80F95CA}.Release|Any CPU.Build.0 = Release|Any CPU
		{9BF84938-B754-45DB-B9C5-3063B09C9DA7}.Debug|Any CPU.ActiveCfg = Debug|Any CPU
		{9BF84938-B754-45DB-B9C5-3063B09C9DA7}.Debug|Any CPU.Build.0 = Debug|Any CPU
		{9BF84938-B754-45DB-B9C5-3063B09C9DA7}.Release|Any CPU.ActiveCfg = Release|Any CPU
		{9BF84938-B754-45DB-B9C5-3063B09C9DA7}.Release|Any CPU.Build.0 = Release|Any CPU
	EndGlobalSection
	GlobalSection(SolutionProperties) = preSolution
		HideSolutionNode = FALSE
	EndGlobalSection
EndGlobal
